
Microsoft Visual Studio Solution File, Format Version 12.00
Project("{FAE04EC0-301F-11D3-BF4B-00C04F79EFBC}") = "MathProject", "MathProject\MathProject.csproj", "{96615283-579A-45EC-A4C1-39AEF9E98C25}"
EndProject
Global
	GlobalSection(SolutionConfigurationPlatforms) = preSolution
		Debug|Any CPU = Debug|Any CPU
		Release|Any CPU = Release|Any CPU
	EndGlobalSection
	GlobalSection(ProjectConfigurationPlatforms) = postSolution
		{96615283-579A-45EC-A4C1-39AEF9E98C25}.Debug|Any CPU.ActiveCfg = Debug|Any CPU
		{96615283-579A-45EC-A4C1-39AEF9E98C25}.Debug|Any CPU.Build.0 = Debug|Any CPU
		{96615283-579A-45EC-A4C1-39AEF9E98C25}.Release|Any CPU.ActiveCfg = Release|Any CPU
		{96615283-579A-45EC-A4C1-39AEF9E98C25}.Release|Any CPU.Build.0 = Release|Any CPU
	EndGlobalSection
EndGlobal
